// !$*UTF8*$!
{
	archiveVersion = 1;
	classes = {
	};
	objectVersion = 46;
	objects = {

/* Begin PBXBuildFile section */
		3CB7A69517E1D7AF001DFF8E /* Foundation.framework in Frameworks */ = {isa = PBXBuildFile; fileRef = 3CB7A69417E1D7AF001DFF8E /* Foundation.framework */; };
		3CB7A69717E1D7AF001DFF8E /* CoreGraphics.framework in Frameworks */ = {isa = PBXBuildFile; fileRef = 3CB7A69617E1D7AF001DFF8E /* CoreGraphics.framework */; };
		3CB7A69917E1D7AF001DFF8E /* UIKit.framework in Frameworks */ = {isa = PBXBuildFile; fileRef = 3CB7A69817E1D7AF001DFF8E /* UIKit.framework */; };
		3CB7A69F17E1D7AF001DFF8E /* InfoPlist.strings in Resources */ = {isa = PBXBuildFile; fileRef = 3CB7A69D17E1D7AF001DFF8E /* InfoPlist.strings */; };
		3CB7A6A117E1D7AF001DFF8E /* main.m in Sources */ = {isa = PBXBuildFile; fileRef = 3CB7A6A017E1D7AF001DFF8E /* main.m */; };
		3CB7A6A517E1D7AF001DFF8E /* AppDelegate.m in Sources */ = {isa = PBXBuildFile; fileRef = 3CB7A6A417E1D7AF001DFF8E /* AppDelegate.m */; };
		3CB7A6A817E1D7AF001DFF8E /* Main.storyboard in Resources */ = {isa = PBXBuildFile; fileRef = 3CB7A6A617E1D7AF001DFF8E /* Main.storyboard */; };
		3CB7A6AB17E1D7AF001DFF8E /* ViewController.m in Sources */ = {isa = PBXBuildFile; fileRef = 3CB7A6AA17E1D7AF001DFF8E /* ViewController.m */; };
		3CB7A6AD17E1D7AF001DFF8E /* Images.xcassets in Resources */ = {isa = PBXBuildFile; fileRef = 3CB7A6AC17E1D7AF001DFF8E /* Images.xcassets */; };
		3CB7A6B417E1D7AF001DFF8E /* XCTest.framework in Frameworks */ = {isa = PBXBuildFile; fileRef = 3CB7A6B317E1D7AF001DFF8E /* XCTest.framework */; };
		3CB7A6B517E1D7AF001DFF8E /* Foundation.framework in Frameworks */ = {isa = PBXBuildFile; fileRef = 3CB7A69417E1D7AF001DFF8E /* Foundation.framework */; };
		3CB7A6B617E1D7AF001DFF8E /* UIKit.framework in Frameworks */ = {isa = PBXBuildFile; fileRef = 3CB7A69817E1D7AF001DFF8E /* UIKit.framework */; };
		3CB7A6BE17E1D7AF001DFF8E /* InfoPlist.strings in Resources */ = {isa = PBXBuildFile; fileRef = 3CB7A6BC17E1D7AF001DFF8E /* InfoPlist.strings */; };
		3CB7A6C017E1D7AF001DFF8E /* HelloGitHibTests.m in Sources */ = {isa = PBXBuildFile; fileRef = 3CB7A6BF17E1D7AF001DFF8E /* HelloGitHibTests.m */; };
/* End PBXBuildFile section */

/* Begin PBXContainerItemProxy section */
		3CB7A6B717E1D7AF001DFF8E /* PBXContainerItemProxy */ = {
			isa = PBXContainerItemProxy;
			containerPortal = 3CB7A68917E1D7AF001DFF8E /* Project object */;
			proxyType = 1;
			remoteGlobalIDString = 3CB7A69017E1D7AF001DFF8E;
			remoteInfo = HelloGitHib;
		};
/* End PBXContainerItemProxy section */

/* Begin PBXFileReference section */
		3CB7A69117E1D7AF001DFF8E /* HelloGitHib.app */ = {isa = PBXFileReference; explicitFileType = wrapper.application; includeInIndex = 0; path = HelloGitHib.app; sourceTree = BUILT_PRODUCTS_DIR; };
		3CB7A69417E1D7AF001DFF8E /* Foundation.framework */ = {isa = PBXFileReference; lastKnownFileType = wrapper.framework; name = Foundation.framework; path = System/Library/Frameworks/Foundation.framework; sourceTree = SDKROOT; };
		3CB7A69617E1D7AF001DFF8E /* CoreGraphics.framework */ = {isa = PBXFileReference; lastKnownFileType = wrapper.framework; name = CoreGraphics.framework; path = System/Library/Frameworks/CoreGraphics.framework; sourceTree = SDKROOT; };
		3CB7A69817E1D7AF001DFF8E /* UIKit.framework */ = {isa = PBXFileReference; lastKnownFileType = wrapper.framework; name = UIKit.framework; path = System/Library/Frameworks/UIKit.framework; sourceTree = SDKROOT; };
		3CB7A69C17E1D7AF001DFF8E /* HelloGitHib-Info.plist */ = {isa = PBXFileReference; lastKnownFileType = text.plist.xml; path = "HelloGitHib-Info.plist"; sourceTree = "<group>"; };
		3CB7A69E17E1D7AF001DFF8E /* en */ = {isa = PBXFileReference; lastKnownFileType = text.plist.strings; name = en; path = en.lproj/InfoPlist.strings; sourceTree = "<group>"; };
		3CB7A6A017E1D7AF001DFF8E /* main.m */ = {isa = PBXFileReference; lastKnownFileType = sourcecode.c.objc; path = main.m; sourceTree = "<group>"; };
		3CB7A6A217E1D7AF001DFF8E /* HelloGitHib-Prefix.pch */ = {isa = PBXFileReference; lastKnownFileType = sourcecode.c.h; path = "HelloGitHib-Prefix.pch"; sourceTree = "<group>"; };
		3CB7A6A317E1D7AF001DFF8E /* AppDelegate.h */ = {isa = PBXFileReference; lastKnownFileType = sourcecode.c.h; path = AppDelegate.h; sourceTree = "<group>"; };
		3CB7A6A417E1D7AF001DFF8E /* AppDelegate.m */ = {isa = PBXFileReference; lastKnownFileType = sourcecode.c.objc; path = AppDelegate.m; sourceTree = "<group>"; };
		3CB7A6A717E1D7AF001DFF8E /* Base */ = {isa = PBXFileReference; lastKnownFileType = file.storyboard; name = Base; path = Base.lproj/Main.storyboard; sourceTree = "<group>"; };
		3CB7A6A917E1D7AF001DFF8E /* ViewController.h */ = {isa = PBXFileReference; lastKnownFileType = sourcecode.c.h; path = ViewController.h; sourceTree = "<group>"; };
		3CB7A6AA17E1D7AF001DFF8E /* ViewController.m */ = {isa = PBXFileReference; lastKnownFileType = sourcecode.c.objc; path = ViewController.m; sourceTree = "<group>"; };
		3CB7A6AC17E1D7AF001DFF8E /* Images.xcassets */ = {isa = PBXFileReference; lastKnownFileType = folder.assetcatalog; path = Images.xcassets; sourceTree = "<group>"; };
		3CB7A6B217E1D7AF001DFF8E /* HelloGitHibTests.xctest */ = {isa = PBXFileReference; explicitFileType = wrapper.cfbundle; includeInIndex = 0; path = HelloGitHibTests.xctest; sourceTree = BUILT_PRODUCTS_DIR; };
		3CB7A6B317E1D7AF001DFF8E /* XCTest.framework */ = {isa = PBXFileReference; lastKnownFileType = wrapper.framework; name = XCTest.framework; path = Library/Frameworks/XCTest.framework; sourceTree = DEVELOPER_DIR; };
		3CB7A6BB17E1D7AF001DFF8E /* HelloGitHibTests-Info.plist */ = {isa = PBXFileReference; lastKnownFileType = text.plist.xml; path = "HelloGitHibTests-Info.plist"; sourceTree = "<group>"; };
		3CB7A6BD17E1D7AF001DFF8E /* en */ = {isa = PBXFileReference; lastKnownFileType = text.plist.strings; name = en; path = en.lproj/InfoPlist.strings; sourceTree = "<group>"; };
		3CB7A6BF17E1D7AF001DFF8E /* HelloGitHibTests.m */ = {isa = PBXFileReference; lastKnownFileType = sourcecode.c.objc; path = HelloGitHibTests.m; sourceTree = "<group>"; };
/* End PBXFileReference section */

/* Begin PBXFrameworksBuildPhase section */
		3CB7A68E17E1D7AF001DFF8E /* Frameworks */ = {
			isa = PBXFrameworksBuildPhase;
			buildActionMask = 2147483647;
			files = (
				3CB7A69717E1D7AF001DFF8E /* CoreGraphics.framework in Frameworks */,
				3CB7A69917E1D7AF001DFF8E /* UIKit.framework in Frameworks */,
				3CB7A69517E1D7AF001DFF8E /* Foundation.framework in Frameworks */,
			);
			runOnlyForDeploymentPostprocessing = 0;
		};
		3CB7A6AF17E1D7AF001DFF8E /* Frameworks */ = {
			isa = PBXFrameworksBuildPhase;
			buildActionMask = 2147483647;
			files = (
				3CB7A6B417E1D7AF001DFF8E /* XCTest.framework in Frameworks */,
				3CB7A6B617E1D7AF001DFF8E /* UIKit.framework in Frameworks */,
				3CB7A6B517E1D7AF001DFF8E /* Foundation.framework in Frameworks */,
			);
			runOnlyForDeploymentPostprocessing = 0;
		};
/* End PBXFrameworksBuildPhase section */

/* Begin PBXGroup section */
		3CB7A68817E1D7AF001DFF8E = {
			isa = PBXGroup;
			children = (
				3CB7A69A17E1D7AF001DFF8E /* HelloGitHib */,
				3CB7A6B917E1D7AF001DFF8E /* HelloGitHibTests */,
				3CB7A69317E1D7AF001DFF8E /* Frameworks */,
				3CB7A69217E1D7AF001DFF8E /* Products */,
			);
			sourceTree = "<group>";
		};
		3CB7A69217E1D7AF001DFF8E /* Products */ = {
			isa = PBXGroup;
			children = (
				3CB7A69117E1D7AF001DFF8E /* HelloGitHib.app */,
				3CB7A6B217E1D7AF001DFF8E /* HelloGitHibTests.xctest */,
			);
			name = Products;
			sourceTree = "<group>";
		};
		3CB7A69317E1D7AF001DFF8E /* Frameworks */ = {
			isa = PBXGroup;
			children = (
				3CB7A69417E1D7AF001DFF8E /* Foundation.framework */,
				3CB7A69617E1D7AF001DFF8E /* CoreGraphics.framework */,
				3CB7A69817E1D7AF001DFF8E /* UIKit.framework */,
				3CB7A6B317E1D7AF001DFF8E /* XCTest.framework */,
			);
			name = Frameworks;
			sourceTree = "<group>";
		};
		3CB7A69A17E1D7AF001DFF8E /* HelloGitHib */ = {
			isa = PBXGroup;
			children = (
				3CB7A6A317E1D7AF001DFF8E /* AppDelegate.h */,
				3CB7A6A417E1D7AF001DFF8E /* AppDelegate.m */,
				3CB7A6A617E1D7AF001DFF8E /* Main.storyboard */,
				3CB7A6A917E1D7AF001DFF8E /* ViewController.h */,
				3CB7A6AA17E1D7AF001DFF8E /* ViewController.m */,
				3CB7A6AC17E1D7AF001DFF8E /* Images.xcassets */,
				3CB7A69B17E1D7AF001DFF8E /* Supporting Files */,
			);
			path = HelloGitHib;
			sourceTree = "<group>";
		};
		3CB7A69B17E1D7AF001DFF8E /* Supporting Files */ = {
			isa = PBXGroup;
			children = (
				3CB7A69C17E1D7AF001DFF8E /* HelloGitHib-Info.plist */,
				3CB7A69D17E1D7AF001DFF8E /* InfoPlist.strings */,
				3CB7A6A017E1D7AF001DFF8E /* main.m */,
				3CB7A6A217E1D7AF001DFF8E /* HelloGitHib-Prefix.pch */,
			);
			name = "Supporting Files";
			sourceTree = "<group>";
		};
		3CB7A6B917E1D7AF001DFF8E /* HelloGitHibTests */ = {
			isa = PBXGroup;
			children = (
				3CB7A6BF17E1D7AF001DFF8E /* HelloGitHibTests.m */,
				3CB7A6BA17E1D7AF001DFF8E /* Supporting Files */,
			);
			path = HelloGitHibTests;
			sourceTree = "<group>";
		};
		3CB7A6BA17E1D7AF001DFF8E /* Supporting Files */ = {
			isa = PBXGroup;
			children = (
				3CB7A6BB17E1D7AF001DFF8E /* HelloGitHibTests-Info.plist */,
				3CB7A6BC17E1D7AF001DFF8E /* InfoPlist.strings */,
			);
			name = "Supporting Files";
			sourceTree = "<group>";
		};
/* End PBXGroup section */

/* Begin PBXNativeTarget section */
		3CB7A69017E1D7AF001DFF8E /* HelloGitHib */ = {
			isa = PBXNativeTarget;
			buildConfigurationList = 3CB7A6C317E1D7AF001DFF8E /* Build configuration list for PBXNativeTarget "HelloGitHib" */;
			buildPhases = (
				3CB7A68D17E1D7AF001DFF8E /* Sources */,
				3CB7A68E17E1D7AF001DFF8E /* Frameworks */,
				3CB7A68F17E1D7AF001DFF8E /* Resources */,
			);
			buildRules = (
			);
			dependencies = (
			);
			name = HelloGitHib;
			productName = HelloGitHib;
			productReference = 3CB7A69117E1D7AF001DFF8E /* HelloGitHib.app */;
			productType = "com.apple.product-type.application";
		};
		3CB7A6B117E1D7AF001DFF8E /* HelloGitHibTests */ = {
			isa = PBXNativeTarget;
			buildConfigurationList = 3CB7A6C617E1D7AF001DFF8E /* Build configuration list for PBXNativeTarget "HelloGitHibTests" */;
			buildPhases = (
				3CB7A6AE17E1D7AF001DFF8E /* Sources */,
				3CB7A6AF17E1D7AF001DFF8E /* Frameworks */,
				3CB7A6B017E1D7AF001DFF8E /* Resources */,
			);
			buildRules = (
			);
			dependencies = (
				3CB7A6B817E1D7AF001DFF8E /* PBXTargetDependency */,
			);
			name = HelloGitHibTests;
			productName = HelloGitHibTests;
			productReference = 3CB7A6B217E1D7AF001DFF8E /* HelloGitHibTests.xctest */;
			productType = "com.apple.product-type.bundle.unit-test";
		};
/* End PBXNativeTarget section */

/* Begin PBXProject section */
		3CB7A68917E1D7AF001DFF8E /* Project object */ = {
			isa = PBXProject;
			attributes = {
				LastUpgradeCheck = 0500;
				ORGANIZATIONNAME = "Big Nerd Ranch";
				TargetAttributes = {
					3CB7A6B117E1D7AF001DFF8E = {
						TestTargetID = 3CB7A69017E1D7AF001DFF8E;
					};
				};
			};
			buildConfigurationList = 3CB7A68C17E1D7AF001DFF8E /* Build configuration list for PBXProject "HelloGitHib" */;
			compatibilityVersion = "Xcode 3.2";
			developmentRegion = English;
			hasScannedForEncodings = 0;
			knownRegions = (
				en,
				Base,
			);
			mainGroup = 3CB7A68817E1D7AF001DFF8E;
			productRefGroup = 3CB7A69217E1D7AF001DFF8E /* Products */;
			projectDirPath = "";
			projectRoot = "";
			targets = (
				3CB7A69017E1D7AF001DFF8E /* HelloGitHib */,
				3CB7A6B117E1D7AF001DFF8E /* HelloGitHibTests */,
			);
		};
/* End PBXProject section */

/* Begin PBXResourcesBuildPhase section */
		3CB7A68F17E1D7AF001DFF8E /* Resources */ = {
			isa = PBXResourcesBuildPhase;
			buildActionMask = 2147483647;
			files = (
				3CB7A6AD17E1D7AF001DFF8E /* Images.xcassets in Resources */,
				3CB7A69F17E1D7AF001DFF8E /* InfoPlist.strings in Resources */,
				3CB7A6A817E1D7AF001DFF8E /* Main.storyboard in Resources */,
			);
			runOnlyForDeploymentPostprocessing = 0;
		};
		3CB7A6B017E1D7AF001DFF8E /* Resources */ = {
			isa = PBXResourcesBuildPhase;
			buildActionMask = 2147483647;
			files = (
				3CB7A6BE17E1D7AF001DFF8E /* InfoPlist.strings in Resources */,
			);
			runOnlyForDeploymentPostprocessing = 0;
		};
/* End PBXResourcesBuildPhase section */

/* Begin PBXSourcesBuildPhase section */
		3CB7A68D17E1D7AF001DFF8E /* Sources */ = {
			isa = PBXSourcesBuildPhase;
			buildActionMask = 2147483647;
			files = (
				3CB7A6AB17E1D7AF001DFF8E /* ViewController.m in Sources */,
				3CB7A6A517E1D7AF001DFF8E /* AppDelegate.m in Sources */,
				3CB7A6A117E1D7AF001DFF8E /* main.m in Sources */,
			);
			runOnlyForDeploymentPostprocessing = 0;
		};
		3CB7A6AE17E1D7AF001DFF8E /* Sources */ = {
			isa = PBXSourcesBuildPhase;
			buildActionMask = 2147483647;
			files = (
				3CB7A6C017E1D7AF001DFF8E /* HelloGitHibTests.m in Sources */,
			);
			runOnlyForDeploymentPostprocessing = 0;
		};
/* End PBXSourcesBuildPhase section */

/* Begin PBXTargetDependency section */
		3CB7A6B817E1D7AF001DFF8E /* PBXTargetDependency */ = {
			isa = PBXTargetDependency;
			target = 3CB7A69017E1D7AF001DFF8E /* HelloGitHib */;
			targetProxy = 3CB7A6B717E1D7AF001DFF8E /* PBXContainerItemProxy */;
		};
/* End PBXTargetDependency section */

/* Begin PBXVariantGroup section */
		3CB7A69D17E1D7AF001DFF8E /* InfoPlist.strings */ = {
			isa = PBXVariantGroup;
			children = (
				3CB7A69E17E1D7AF001DFF8E /* en */,
			);
			name = InfoPlist.strings;
			sourceTree = "<group>";
		};
		3CB7A6A617E1D7AF001DFF8E /* Main.storyboard */ = {
			isa = PBXVariantGroup;
			children = (
				3CB7A6A717E1D7AF001DFF8E /* Base */,
			);
			name = Main.storyboard;
			sourceTree = "<group>";
		};
		3CB7A6BC17E1D7AF001DFF8E /* InfoPlist.strings */ = {
			isa = PBXVariantGroup;
			children = (
				3CB7A6BD17E1D7AF001DFF8E /* en */,
			);
			name = InfoPlist.strings;
			sourceTree = "<group>";
		};
/* End PBXVariantGroup section */

/* Begin XCBuildConfiguration section */
		3CB7A6C117E1D7AF001DFF8E /* Debug */ = {
			isa = XCBuildConfiguration;
			buildSettings = {
				ALWAYS_SEARCH_USER_PATHS = NO;
				ARCHS = "$(ARCHS_STANDARD_INCLUDING_64_BIT)";
				CLANG_CXX_LANGUAGE_STANDARD = "gnu++0x";
				CLANG_CXX_LIBRARY = "libc++";
				CLANG_ENABLE_MODULES = YES;
				CLANG_ENABLE_OBJC_ARC = YES;
				CLANG_WARN_BOOL_CONVERSION = YES;
				CLANG_WARN_CONSTANT_CONVERSION = YES;
				CLANG_WARN_DIRECT_OBJC_ISA_USAGE = YES_ERROR;
				CLANG_WARN_EMPTY_BODY = YES;
				CLANG_WARN_ENUM_CONVERSION = YES;
				CLANG_WARN_INT_CONVERSION = YES;
				CLANG_WARN_OBJC_ROOT_CLASS = YES_ERROR;
				CLANG_WARN__DUPLICATE_METHOD_MATCH = YES;
				"CODE_SIGN_IDENTITY[sdk=iphoneos*]" = "iPhone Developer";
				COPY_PHASE_STRIP = NO;
				GCC_C_LANGUAGE_STANDARD = gnu99;
				GCC_DYNAMIC_NO_PIC = NO;
				GCC_OPTIMIZATION_LEVEL = 0;
				GCC_PREPROCESSOR_DEFINITIONS = (
					"DEBUG=1",
					"$(inherited)",
				);
				GCC_SYMBOLS_PRIVATE_EXTERN = NO;
				GCC_WARN_64_TO_32_BIT_CONVERSION = YES;
				GCC_WARN_ABOUT_RETURN_TYPE = YES_ERROR;
				GCC_WARN_UNDECLARED_SELECTOR = YES;
				GCC_WARN_UNINITIALIZED_AUTOS = YES;
				GCC_WARN_UNUSED_FUNCTION = YES;
				GCC_WARN_UNUSED_VARIABLE = YES;
				IPHONEOS_DEPLOYMENT_TARGET = 7.0;
				ONLY_ACTIVE_ARCH = YES;
				SDKROOT = iphoneos;
				TARGETED_DEVICE_FAMILY = 2;
			};
			name = Debug;
		};
		3CB7A6C217E1D7AF001DFF8E /* Release */ = {
			isa = XCBuildConfiguration;
			buildSettings = {
				ALWAYS_SEARCH_USER_PATHS = NO;
				ARCHS = "$(ARCHS_STANDARD_INCLUDING_64_BIT)";
				CLANG_CXX_LANGUAGE_STANDARD = "gnu++0x";
				CLANG_CXX_LIBRARY = "libc++";
				CLANG_ENABLE_MODULES = YES;
				CLANG_ENABLE_OBJC_ARC = YES;
				CLANG_WARN_BOOL_CONVERSION = YES;
				CLANG_WARN_CONSTANT_CONVERSION = YES;
				CLANG_WARN_DIRECT_OBJC_ISA_USAGE = YES_ERROR;
				CLANG_WARN_EMPTY_BODY = YES;
				CLANG_WARN_ENUM_CONVERSION = YES;
				CLANG_WARN_INT_CONVERSION = YES;
				CLANG_WARN_OBJC_ROOT_CLASS = YES_ERROR;
				CLANG_WARN__DUPLICATE_METHOD_MATCH = YES;
				"CODE_SIGN_IDENTITY[sdk=iphoneos*]" = "iPhone Developer";
				COPY_PHASE_STRIP = YES;
				ENABLE_NS_ASSERTIONS = NO;
				GCC_C_LANGUAGE_STANDARD = gnu99;
				GCC_WARN_64_TO_32_BIT_CONVERSION = YES;
				GCC_WARN_ABOUT_RETURN_TYPE = YES_ERROR;
				GCC_WARN_UNDECLARED_SELECTOR = YES;
				GCC_WARN_UNINITIALIZED_AUTOS = YES;
				GCC_WARN_UNUSED_FUNCTION = YES;
				GCC_WARN_UNUSED_VARIABLE = YES;
				IPHONEOS_DEPLOYMENT_TARGET = 7.0;
				SDKROOT = iphoneos;
				TARGETED_DEVICE_FAMILY = 2;
				VALIDATE_PRODUCT = YES;
			};
			name = Release;
		};
		3CB7A6C417E1D7AF001DFF8E /* Debug */ = {
			isa = XCBuildConfiguration;
			buildSettings = {
				ASSETCATALOG_COMPILER_APPICON_NAME = AppIcon;
				ASSETCATALOG_COMPILER_LAUNCHIMAGE_NAME = LaunchImage;
				GCC_PRECOMPILE_PREFIX_HEADER = YES;
				GCC_PREFIX_HEADER = "HelloGitHib/HelloGitHib-Prefix.pch";
				INFOPLIST_FILE = "HelloGitHib/HelloGitHib-Info.plist";
				PRODUCT_NAME = "$(TARGET_NAME)";
				WRAPPER_EXTENSION = app;
			};
			name = Debug;
		};
		3CB7A6C517E1D7AF001DFF8E /* Release */ = {
			isa = XCBuildConfiguration;
			buildSettings = {
				ASSETCATALOG_COMPILER_APPICON_NAME = AppIcon;
				ASSETCATALOG_COMPILER_LAUNCHIMAGE_NAME = LaunchImage;
				GCC_PRECOMPILE_PREFIX_HEADER = YES;
				GCC_PREFIX_HEADER = "HelloGitHib/HelloGitHib-Prefix.pch";
				INFOPLIST_FILE = "HelloGitHib/HelloGitHib-Info.plist";
				PRODUCT_NAME = "$(TARGET_NAME)";
				WRAPPER_EXTENSION = app;
			};
			name = Release;
		};
		3CB7A6C717E1D7AF001DFF8E /* Debug */ = {
			isa = XCBuildConfiguration;
			buildSettings = {
				ARCHS = "$(ARCHS_STANDARD_INCLUDING_64_BIT)";
				BUNDLE_LOADER = "$(BUILT_PRODUCTS_DIR)/HelloGitHib.app/HelloGitHib";
				FRAMEWORK_SEARCH_PATHS = (
					"$(SDKROOT)/Developer/Library/Frameworks",
					"$(inherited)",
					"$(DEVELOPER_FRAMEWORKS_DIR)",
				);
				GCC_PRECOMPILE_PREFIX_HEADER = YES;
				GCC_PREFIX_HEADER = "HelloGitHib/HelloGitHib-Prefix.pch";
				GCC_PREPROCESSOR_DEFINITIONS = (
					"DEBUG=1",
					"$(inherited)",
				);
				INFOPLIST_FILE = "HelloGitHibTests/HelloGitHibTests-Info.plist";
				PRODUCT_NAME = "$(TARGET_NAME)";
				TEST_HOST = "$(BUNDLE_LOADER)";
				WRAPPER_EXTENSION = xctest;
			};
			name = Debug;
		};
		3CB7A6C817E1D7AF001DFF8E /* Release */ = {
			isa = XCBuildConfiguration;
			buildSettings = {
				ARCHS = "$(ARCHS_STANDARD_INCLUDING_64_BIT)";
				BUNDLE_LOADER = "$(BUILT_PRODUCTS_DIR)/HelloGitHib.app/HelloGitHib";
				FRAMEWORK_SEARCH_PATHS = (
					"$(SDKROOT)/Developer/Library/Frameworks",
					"$(inherited)",
					"$(DEVELOPER_FRAMEWORKS_DIR)",
				);
				GCC_PRECOMPILE_PREFIX_HEADER = YES;
				GCC_PREFIX_HEADER = "HelloGitHib/HelloGitHib-Prefix.pch";
				INFOPLIST_FILE = "HelloGitHibTests/HelloGitHibTests-Info.plist";
				PRODUCT_NAME = "$(TARGET_NAME)";
				TEST_HOST = "$(BUNDLE_LOADER)";
				WRAPPER_EXTENSION = xctest;
			};
			name = Release;
		};
/* End XCBuildConfiguration section */

/* Begin XCConfigurationList section */
		3CB7A68C17E1D7AF001DFF8E /* Build configuration list for PBXProject "HelloGitHib" */ = {
			isa = XCConfigurationList;
			buildConfigurations = (
				3CB7A6C117E1D7AF001DFF8E /* Debug */,
				3CB7A6C217E1D7AF001DFF8E /* Release */,
			);
			defaultConfigurationIsVisible = 0;
			defaultConfigurationName = Release;
		};
		3CB7A6C317E1D7AF001DFF8E /* Build configuration list for PBXNativeTarget "HelloGitHib" */ = {
			isa = XCConfigurationList;
			buildConfigurations = (
				3CB7A6C417E1D7AF001DFF8E /* Debug */,
				3CB7A6C517E1D7AF001DFF8E /* Release */,
			);
			defaultConfigurationIsVisible = 0;
		};
		3CB7A6C617E1D7AF001DFF8E /* Build configuration list for PBXNativeTarget "HelloGitHibTests" */ = {
			isa = XCConfigurationList;
			buildConfigurations = (
				3CB7A6C717E1D7AF001DFF8E /* Debug */,
				3CB7A6C817E1D7AF001DFF8E /* Release */,
			);
			defaultConfigurationIsVisible = 0;
		};
/* End XCConfigurationList section */
	};
	rootObject = 3CB7A68917E1D7AF001DFF8E /* Project object */;
}
